
Microsoft Visual Studio Solution File, Format Version 12.00
# Visual Studio Version 17
VisualStudioVersion = 17.11.35327.3
MinimumVisualStudioVersion = 10.0.40219.1
Project("{9A19103F-16F7-4668-BE54-9A1E7A4F7556}") = "Avalonia3DControl", "Avalonia3DControl.csproj", "{13A88D3D-FE49-4354-87D0-FA01535811FD}"
EndProject
Global
	GlobalSection(SolutionConfigurationPlatforms) = preSolution
		Debug|Any CPU = Debug|Any CPU
		Release|Any CPU = Release|Any CPU
	EndGlobalSection
	GlobalSection(ProjectConfigurationPlatforms) = postSolution
		{13A88D3D-FE49-4354-87D0-FA01535811FD}.Debug|Any CPU.ActiveCfg = Debug|Any CPU
		{13A88D3D-FE49-4354-87D0-FA01535811FD}.Debug|Any CPU.Build.0 = Debug|Any CPU
		{13A88D3D-FE49-4354-87D0-FA01535811FD}.Release|Any CPU.ActiveCfg = Release|Any CPU
		{13A88D3D-FE49-4354-87D0-FA01535811FD}.Release|Any CPU.Build.0 = Release|Any CPU
	EndGlobalSection
	GlobalSection(SolutionProperties) = preSolution
		HideSolutionNode = FALSE
	EndGlobalSection
	GlobalSection(ExtensibilityGlobals) = postSolution
		SolutionGuid = {E8363DD4-D64A-4583-A08F-D79E25821063}
	EndGlobalSection
EndGlobal
